// !$*UTF8*$!
{
	archiveVersion = 1;
	classes = {
	};
	objectVersion = 46;
	objects = {

/* Begin PBXBuildFile section */
		090B5EB715FD05190054FA12 /* OHGridView.m in Sources */ = {isa = PBXBuildFile; fileRef = 09E8E6FA1453175100C63E20 /* OHGridView.m */; };
		090B5EBA15FD05260054FA12 /* UIKit.framework in Frameworks */ = {isa = PBXBuildFile; fileRef = 090B5EB915FD05260054FA12 /* UIKit.framework */; };
		09F6EC7715FD009500A493F3 /* Foundation.framework in Frameworks */ = {isa = PBXBuildFile; fileRef = 09E8E6C314530B5400C63E20 /* Foundation.framework */; };
/* End PBXBuildFile section */

/* Begin PBXCopyFilesBuildPhase section */
		09F6EC7415FD009500A493F3 /* CopyFiles */ = {
			isa = PBXCopyFilesBuildPhase;
			buildActionMask = 2147483647;
			dstPath = "include/${PRODUCT_NAME}";
			dstSubfolderSpec = 16;
			files = (
			);
			runOnlyForDeploymentPostprocessing = 0;
		};
/* End PBXCopyFilesBuildPhase section */

/* Begin PBXFileReference section */
		090B5EB915FD05260054FA12 /* UIKit.framework */ = {isa = PBXFileReference; lastKnownFileType = wrapper.framework; name = UIKit.framework; path = System/Library/Frameworks/UIKit.framework; sourceTree = SDKROOT; };
		09E8E6C314530B5400C63E20 /* Foundation.framework */ = {isa = PBXFileReference; lastKnownFileType = wrapper.framework; name = Foundation.framework; path = System/Library/Frameworks/Foundation.framework; sourceTree = SDKROOT; };
		09E8E6F91453175100C63E20 /* OHGridView.h */ = {isa = PBXFileReference; fileEncoding = 4; lastKnownFileType = sourcecode.c.h; path = OHGridView.h; sourceTree = "<group>"; };
		09E8E6FA1453175100C63E20 /* OHGridView.m */ = {isa = PBXFileReference; fileEncoding = 4; lastKnownFileType = sourcecode.c.objc; path = OHGridView.m; sourceTree = "<group>"; };
		09E8E6FD1453176400C63E20 /* LICENSE */ = {isa = PBXFileReference; fileEncoding = 4; lastKnownFileType = text; path = LICENSE; sourceTree = "<group>"; };
		09E8E6FE1453176400C63E20 /* README.md */ = {isa = PBXFileReference; fileEncoding = 4; lastKnownFileType = text; path = README.md; sourceTree = "<group>"; };
		09F6EC7615FD009500A493F3 /* libOHGridView.a */ = {isa = PBXFileReference; explicitFileType = archive.ar; includeInIndex = 0; path = libOHGridView.a; sourceTree = BUILT_PRODUCTS_DIR; };
/* End PBXFileReference section */

/* Begin PBXFrameworksBuildPhase section */
		09F6EC7315FD009500A493F3 /* Frameworks */ = {
			isa = PBXFrameworksBuildPhase;
			buildActionMask = 2147483647;
			files = (
				090B5EBA15FD05260054FA12 /* UIKit.framework in Frameworks */,
				09F6EC7715FD009500A493F3 /* Foundation.framework in Frameworks */,
			);
			runOnlyForDeploymentPostprocessing = 0;
		};
/* End PBXFrameworksBuildPhase section */

/* Begin PBXGroup section */
		09E8E6B514530B5300C63E20 = {
			isa = PBXGroup;
			children = (
				09E8E6C514530B5400C63E20 /* OHGridView */,
				09E8E6C214530B5400C63E20 /* Frameworks */,
				09E8E6C114530B5400C63E20 /* Products */,
			);
			sourceTree = "<group>";
		};
		09E8E6C114530B5400C63E20 /* Products */ = {
			isa = PBXGroup;
			children = (
				09F6EC7615FD009500A493F3 /* libOHGridView.a */,
			);
			path = Products;
			sourceTree = "<group>";
		};
		09E8E6C214530B5400C63E20 /* Frameworks */ = {
			isa = PBXGroup;
			children = (
				090B5EB915FD05260054FA12 /* UIKit.framework */,
				09E8E6C314530B5400C63E20 /* Foundation.framework */,
			);
			name = Frameworks;
			sourceTree = "<group>";
		};
		09E8E6C514530B5400C63E20 /* OHGridView */ = {
			isa = PBXGroup;
			children = (
				09E8E6FE1453176400C63E20 /* README.md */,
				09E8E6FD1453176400C63E20 /* LICENSE */,
				09E8E6F91453175100C63E20 /* OHGridView.h */,
				09E8E6FA1453175100C63E20 /* OHGridView.m */,
			);
			name = OHGridView;
			sourceTree = SOURCE_ROOT;
		};
/* End PBXGroup section */

/* Begin PBXNativeTarget section */
		09F6EC7515FD009500A493F3 /* OHGridView */ = {
			isa = PBXNativeTarget;
			buildConfigurationList = 09F6EC7F15FD009500A493F3 /* Build configuration list for PBXNativeTarget "OHGridView" */;
			buildPhases = (
				09F6EC7215FD009500A493F3 /* Sources */,
				09F6EC7315FD009500A493F3 /* Frameworks */,
				09F6EC7415FD009500A493F3 /* CopyFiles */,
			);
			buildRules = (
			);
			dependencies = (
			);
			name = OHGridView;
			productName = OHGridView;
			productReference = 09F6EC7615FD009500A493F3 /* libOHGridView.a */;
			productType = "com.apple.product-type.library.static";
		};
/* End PBXNativeTarget section */

/* Begin PBXProject section */
		09E8E6B714530B5300C63E20 /* Project object */ = {
			isa = PBXProject;
			attributes = {
				LastUpgradeCheck = 0440;
				ORGANIZATIONNAME = Capgemini;
			};
			buildConfigurationList = 09E8E6BA14530B5300C63E20 /* Build configuration list for PBXProject "OHGridView" */;
			compatibilityVersion = "Xcode 3.2";
			developmentRegion = English;
			hasScannedForEncodings = 0;
			knownRegions = (
				en,
			);
			mainGroup = 09E8E6B514530B5300C63E20;
			productRefGroup = 09E8E6C114530B5400C63E20 /* Products */;
			projectDirPath = "";
			projectRoot = "";
			targets = (
				09F6EC7515FD009500A493F3 /* OHGridView */,
			);
		};
/* End PBXProject section */

/* Begin PBXSourcesBuildPhase section */
		09F6EC7215FD009500A493F3 /* Sources */ = {
			isa = PBXSourcesBuildPhase;
			buildActionMask = 2147483647;
			files = (
				090B5EB715FD05190054FA12 /* OHGridView.m in Sources */,
			);
			runOnlyForDeploymentPostprocessing = 0;
		};
/* End PBXSourcesBuildPhase section */

/* Begin XCBuildConfiguration section */
		09E8E6CB14530B5400C63E20 /* Debug */ = {
			isa = XCBuildConfiguration;
			buildSettings = {
				ALWAYS_SEARCH_USER_PATHS = NO;
				ARCHS = "$(ARCHS_STANDARD_32_BIT)";
				COPY_PHASE_STRIP = NO;
				GCC_VERSION = com.apple.compilers.llvm.clang.1_0;
				IPHONEOS_DEPLOYMENT_TARGET = 3.2;
				SDKROOT = iphoneos;
			};
			name = Debug;
		};
		09E8E6CC14530B5400C63E20 /* Release */ = {
			isa = XCBuildConfiguration;
			buildSettings = {
				ALWAYS_SEARCH_USER_PATHS = NO;
				ARCHS = "$(ARCHS_STANDARD_32_BIT)";
				COPY_PHASE_STRIP = YES;
				GCC_VERSION = com.apple.compilers.llvm.clang.1_0;
				IPHONEOS_DEPLOYMENT_TARGET = 3.2;
				SDKROOT = iphoneos;
				VALIDATE_PRODUCT = YES;
			};
			name = Release;
		};
		09F6EC8015FD009500A493F3 /* Debug */ = {
			isa = XCBuildConfiguration;
			buildSettings = {
				OTHER_LDFLAGS = "-ObjC";
				PRODUCT_NAME = "$(TARGET_NAME)";
				SKIP_INSTALL = YES;
			};
			name = Debug;
		};
		09F6EC8115FD009500A493F3 /* Release */ = {
			isa = XCBuildConfiguration;
			buildSettings = {
				OTHER_LDFLAGS = "-ObjC";
				PRODUCT_NAME = "$(TARGET_NAME)";
				SKIP_INSTALL = YES;
			};
			name = Release;
		};
/* End XCBuildConfiguration section */

/* Begin XCConfigurationList section */
		09E8E6BA14530B5300C63E20 /* Build configuration list for PBXProject "OHGridView" */ = {
			isa = XCConfigurationList;
			buildConfigurations = (
				09E8E6CB14530B5400C63E20 /* Debug */,
				09E8E6CC14530B5400C63E20 /* Release */,
			);
			defaultConfigurationIsVisible = 0;
			defaultConfigurationName = Release;
		};
		09F6EC7F15FD009500A493F3 /* Build configuration list for PBXNativeTarget "OHGridView" */ = {
			isa = XCConfigurationList;
			buildConfigurations = (
				09F6EC8015FD009500A493F3 /* Debug */,
				09F6EC8115FD009500A493F3 /* Release */,
			);
			defaultConfigurationIsVisible = 0;
			defaultConfigurationName = Release;
		};
/* End XCConfigurationList section */
	};
	rootObject = 09E8E6B714530B5300C63E20 /* Project object */;
}
